// !$*UTF8*$!
{
	archiveVersion = 1;
	classes = {
	};
	objectVersion = 77;
	objects = {

/* Begin PBXBuildFile section */
		AA11000100000000000011AA /* Supabase in Frameworks */ = {isa = PBXBuildFile; productRef = AA33000100000000000011CC /* Supabase */; };
		AA11000200000000000022AA /* GoogleSignIn in Frameworks */ = {isa = PBXBuildFile; productRef = AA33000200000000000022CC /* GoogleSignIn */; };
/* End PBXBuildFile section */

/* Begin PBXContainerItemProxy section */
		78DD70EF2D74C5C100C9CC47 /* PBXContainerItemProxy */ = {
			isa = PBXContainerItemProxy;
			containerPortal = 78DD70CF2D74C5BC00C9CC47 /* Project object */;
			proxyType = 1;
			remoteGlobalIDString = 78DD70D62D74C5BC00C9CC47;
			remoteInfo = Fuoriclasse;
		};
		78DD70F92D74C5C100C9CC47 /* PBXContainerItemProxy */ = {
			isa = PBXContainerItemProxy;
			containerPortal = 78DD70CF2D74C5BC00C9CC47 /* Project object */;
			proxyType = 1;
			remoteGlobalIDString = 78DD70D62D74C5BC00C9CC47;
			remoteInfo = Fuoriclasse;
		};
/* End PBXContainerItemProxy section */

/* Begin PBXFileReference section */
		78DD70D72D74C5BC00C9CC47 /* Fuoriclasse.app */ = {isa = PBXFileReference; explicitFileType = wrapper.application; includeInIndex = 0; path = Fuoriclasse.app; sourceTree = BUILT_PRODUCTS_DIR; };
		78DD70EE2D74C5C100C9CC47 /* FuoriclasseTests.xctest */ = {isa = PBXFileReference; explicitFileType = wrapper.cfbundle; includeInIndex = 0; path = FuoriclasseTests.xctest; sourceTree = BUILT_PRODUCTS_DIR; };
		78DD70F82D74C5C100C9CC47 /* FuoriclasseUITests.xctest */ = {isa = PBXFileReference; explicitFileType = wrapper.cfbundle; includeInIndex = 0; path = FuoriclasseUITests.xctest; sourceTree = BUILT_PRODUCTS_DIR; };
/* End PBXFileReference section */

/* Begin PBXFileSystemSynchronizedBuildFileExceptionSet section */
		78573C352D74E51900A552C6 /* Exceptions for "Fuoriclasse" folder in "Fuoriclasse" target */ = {
			isa = PBXFileSystemSynchronizedBuildFileExceptionSet;
			membershipExceptions = (
				Info.plist,
			);
			target = 78DD70D62D74C5BC00C9CC47 /* Fuoriclasse */;
		};
/* End PBXFileSystemSynchronizedBuildFileExceptionSet section */

/* Begin PBXFileSystemSynchronizedRootGroup section */
		78573C2E2D74E51900A552C6 /* Fuoriclasse */ = {
			isa = PBXFileSystemSynchronizedRootGroup;
			exceptions = (
				78573C352D74E51900A552C6 /* Exceptions for "Fuoriclasse" folder in "Fuoriclasse" target */,
			);
			path = Fuoriclasse;
			sourceTree = "<group>";
		};
		78DD70F12D74C5C100C9CC47 /* FuoriclasseTests */ = {
			isa = PBXFileSystemSynchronizedRootGroup;
			path = FuoriclasseTests;
			sourceTree = "<group>";
		};
		78DD70FB2D74C5C100C9CC47 /* FuoriclasseUITests */ = {
			isa = PBXFileSystemSynchronizedRootGroup;
			path = FuoriclasseUITests;
			sourceTree = "<group>";
		};
/* End PBXFileSystemSynchronizedRootGroup section */

/* Begin PBXFrameworksBuildPhase section */
		78DD70D42D74C5BC00C9CC47 /* Frameworks */ = {
			isa = PBXFrameworksBuildPhase;
			buildActionMask = 2147483647;
			files = (
				AA11000100000000000011AA /* Supabase in Frameworks */,
				AA11000200000000000022AA /* GoogleSignIn in Frameworks */,
			);
			runOnlyForDeploymentPostprocessing = 0;
		};
		78DD70EB2D74C5C100C9CC47 /* Frameworks */ = {
			isa = PBXFrameworksBuildPhase;
			buildActionMask = 2147483647;
			files = (
			);
			runOnlyForDeploymentPostprocessing = 0;
		};
		78DD70F52D74C5C100C9CC47 /* Frameworks */ = {
			isa = PBXFrameworksBuildPhase;
			buildActionMask = 2147483647;
			files = (
			);
			runOnlyForDeploymentPostprocessing = 0;
		};
/* End PBXFrameworksBuildPhase section */

/* Begin PBXGroup section */
		78DD70CE2D74C5BC00C9CC47 = {
			isa = PBXGroup;
			children = (
				78573C2E2D74E51900A552C6 /* Fuoriclasse */,
				78DD70F12D74C5C100C9CC47 /* FuoriclasseTests */,
				78DD70FB2D74C5C100C9CC47 /* FuoriclasseUITests */,
				78DD70D82D74C5BC00C9CC47 /* Products */,
			);
			sourceTree = "<group>";
		};
		78DD70D82D74C5BC00C9CC47 /* Products */ = {
			isa = PBXGroup;
			children = (
				78DD70D72D74C5BC00C9CC47 /* Fuoriclasse.app */,
				78DD70EE2D74C5C100C9CC47 /* FuoriclasseTests.xctest */,
				78DD70F82D74C5C100C9CC47 /* FuoriclasseUITests.xctest */,
			);
			name = Products;
			sourceTree = "<group>";
		};
/* End PBXGroup section */

/* Begin PBXNativeTarget section */
		78DD70D62D74C5BC00C9CC47 /* Fuoriclasse */ = {
			isa = PBXNativeTarget;
			buildConfigurationList = 78DD71012D74C5C100C9CC47 /* Build configuration list for PBXNativeTarget "Fuoriclasse" */;
			buildPhases = (
				78DD70D32D74C5BC00C9CC47 /* Sources */,
				78DD70D42D74C5BC00C9CC47 /* Frameworks */,
				78DD70D52D74C5BC00C9CC47 /* Resources */,
			);
			buildRules = (
			);
			dependencies = (
			);
			fileSystemSynchronizedGroups = (
				78573C2E2D74E51900A552C6 /* Fuoriclasse */,
			);
			name = Fuoriclasse;
			packageProductDependencies = (
				AA33000100000000000011CC /* Supabase */,
				AA33000200000000000022CC /* GoogleSignIn */,
			);
			productName = Fuoriclasse;
			productReference = 78DD70D72D74C5BC00C9CC47 /* Fuoriclasse.app */;
			productType = "com.apple.product-type.application";
		};
		78DD70ED2D74C5C100C9CC47 /* FuoriclasseTests */ = {
			isa = PBXNativeTarget;
			buildConfigurationList = 78DD71062D74C5C100C9CC47 /* Build configuration list for PBXNativeTarget "FuoriclasseTests" */;
			buildPhases = (
				78DD70EA2D74C5C100C9CC47 /* Sources */,
				78DD70EB2D74C5C100C9CC47 /* Frameworks */,
				78DD70EC2D74C5C100C9CC47 /* Resources */,
			);
			buildRules = (
			);
			dependencies = (
				78DD70F02D74C5C100C9CC47 /* PBXTargetDependency */,
			);
			fileSystemSynchronizedGroups = (
				78DD70F12D74C5C100C9CC47 /* FuoriclasseTests */,
			);
			name = FuoriclasseTests;
			packageProductDependencies = (
			);
			productName = FuoriclasseTests;
			productReference = 78DD70EE2D74C5C100C9CC47 /* FuoriclasseTests.xctest */;
			productType = "com.apple.product-type.bundle.unit-test";
		};
		78DD70F72D74C5C100C9CC47 /* FuoriclasseUITests */ = {
			isa = PBXNativeTarget;
			buildConfigurationList = 78DD71092D74C5C100C9CC47 /* Build configuration list for PBXNativeTarget "FuoriclasseUITests" */;
			buildPhases = (
				78DD70F42D74C5C100C9CC47 /* Sources */,
				78DD70F52D74C5C100C9CC47 /* Frameworks */,
				78DD70F62D74C5C100C9CC47 /* Resources */,
			);
			buildRules = (
			);
			dependencies = (
				78DD70FA2D74C5C100C9CC47 /* PBXTargetDependency */,
			);
			fileSystemSynchronizedGroups = (
				78DD70FB2D74C5C100C9CC47 /* FuoriclasseUITests */,
			);
			name = FuoriclasseUITests;
			packageProductDependencies = (
			);
			productName = FuoriclasseUITests;
			productReference = 78DD70F82D74C5C100C9CC47 /* FuoriclasseUITests.xctest */;
			productType = "com.apple.product-type.bundle.ui-testing";
		};
/* End PBXNativeTarget section */

/* Begin PBXProject section */
		78DD70CF2D74C5BC00C9CC47 /* Project object */ = {
			isa = PBXProject;
			attributes = {
				BuildIndependentTargetsInParallel = 1;
				LastSwiftUpdateCheck = 1620;
				LastUpgradeCheck = 1620;
				TargetAttributes = {
					78DD70D62D74C5BC00C9CC47 = {
						CreatedOnToolsVersion = 16.2;
					};
					78DD70ED2D74C5C100C9CC47 = {
						CreatedOnToolsVersion = 16.2;
						TestTargetID = 78DD70D62D74C5BC00C9CC47;
					};
					78DD70F72D74C5C100C9CC47 = {
						CreatedOnToolsVersion = 16.2;
						TestTargetID = 78DD70D62D74C5BC00C9CC47;
					};
				};
			};
			buildConfigurationList = 78DD70D22D74C5BC00C9CC47 /* Build configuration list for PBXProject "Fuoriclasse" */;
			developmentRegion = en;
			hasScannedForEncodings = 0;
			knownRegions = (
				en,
				Base,
			);
			mainGroup = 78DD70CE2D74C5BC00C9CC47;
			minimizedProjectReferenceProxies = 1;
			packageReferences = (
				AA22000100000000000011BB /* XCRemoteSwiftPackageReference "supabase-swift" */,
				AA22000200000000000022BB /* XCRemoteSwiftPackageReference "GoogleSignIn-iOS" */,
			);
			preferredProjectObjectVersion = 77;
			productRefGroup = 78DD70D82D74C5BC00C9CC47 /* Products */;
			projectDirPath = "";
			projectRoot = "";
			targets = (
				78DD70D62D74C5BC00C9CC47 /* Fuoriclasse */,
				78DD70ED2D74C5C100C9CC47 /* FuoriclasseTests */,
				78DD70F72D74C5C100C9CC47 /* FuoriclasseUITests */,
			);
		};
/* End PBXProject section */

/* Begin PBXResourcesBuildPhase section */
		78DD70D52D74C5BC00C9CC47 /* Resources */ = {
			isa = PBXResourcesBuildPhase;
			buildActionMask = 2147483647;
			files = (
			);
			runOnlyForDeploymentPostprocessing = 0;
		};
		78DD70EC2D74C5C100C9CC47 /* Resources */ = {
			isa = PBXResourcesBuildPhase;
			buildActionMask = 2147483647;
			files = (
			);
			runOnlyForDeploymentPostprocessing = 0;
		};
		78DD70F62D74C5C100C9CC47 /* Resources */ = {
			isa = PBXResourcesBuildPhase;
			buildActionMask = 2147483647;
			files = (
			);
			runOnlyForDeploymentPostprocessing = 0;
		};
/* End PBXResourcesBuildPhase section */

/* Begin PBXSourcesBuildPhase section */
		78DD70D32D74C5BC00C9CC47 /* Sources */ = {
			isa = PBXSourcesBuildPhase;
			buildActionMask = 2147483647;
			files = (
			);
			runOnlyForDeploymentPostprocessing = 0;
		};
		78DD70EA2D74C5C100C9CC47 /* Sources */ = {
			isa = PBXSourcesBuildPhase;
			buildActionMask = 2147483647;
			files = (
			);
			runOnlyForDeploymentPostprocessing = 0;
		};
		78DD70F42D74C5C100C9CC47 /* Sources */ = {
			isa = PBXSourcesBuildPhase;
			buildActionMask = 2147483647;
			files = (
			);
			runOnlyForDeploymentPostprocessing = 0;
		};
/* End PBXSourcesBuildPhase section */

/* Begin PBXTargetDependency section */
		78DD70F02D74C5C100C9CC47 /* PBXTargetDependency */ = {
			isa = PBXTargetDependency;
			target = 78DD70D62D74C5BC00C9CC47 /* Fuoriclasse */;
			targetProxy = 78DD70EF2D74C5C100C9CC47 /* PBXContainerItemProxy */;
		};
		78DD70FA2D74C5C100C9CC47 /* PBXTargetDependency */ = {
			isa = PBXTargetDependency;
			target = 78DD70D62D74C5BC00C9CC47 /* Fuoriclasse */;
			targetProxy = 78DD70F92D74C5C100C9CC47 /* PBXContainerItemProxy */;
		};
/* End PBXTargetDependency section */

/* Begin XCBuildConfiguration section */
		78DD71022D74C5C100C9CC47 /* Debug */ = {
			isa = XCBuildConfiguration;
			buildSettings = {
				ASSETCATALOG_COMPILER_APPICON_NAME = AppIcon;
				ASSETCATALOG_COMPILER_GLOBAL_ACCENT_COLOR_NAME = AccentColor;
				CODE_SIGN_ENTITLEMENTS = Fuoriclasse/Fuoriclasse.entitlements;
				"CODE_SIGN_IDENTITY[sdk=macosx*]" = "Apple Development";
				CODE_SIGN_STYLE = Automatic;
				CURRENT_PROJECT_VERSION = 1;
				DEVELOPMENT_ASSET_PATHS = "\"Fuoriclasse/Ressources/Preview Content\"";
				DEVELOPMENT_TEAM = WVHADD85YX;
				ENABLE_PREVIEWS = YES;
				GENERATE_INFOPLIST_FILE = YES;
				INFOPLIST_FILE = Fuoriclasse/Info.plist;
				"INFOPLIST_KEY_UIApplicationSceneManifest_Generation[sdk=iphoneos*]" = YES;
				"INFOPLIST_KEY_UIApplicationSceneManifest_Generation[sdk=iphonesimulator*]" = YES;
				"INFOPLIST_KEY_UIApplicationSupportsIndirectInputEvents[sdk=iphoneos*]" = YES;
				"INFOPLIST_KEY_UIApplicationSupportsIndirectInputEvents[sdk=iphonesimulator*]" = YES;
				"INFOPLIST_KEY_UILaunchScreen_Generation[sdk=iphoneos*]" = YES;
				"INFOPLIST_KEY_UILaunchScreen_Generation[sdk=iphonesimulator*]" = YES;
				"INFOPLIST_KEY_UIStatusBarStyle[sdk=iphoneos*]" = UIStatusBarStyleDefault;
				"INFOPLIST_KEY_UIStatusBarStyle[sdk=iphonesimulator*]" = UIStatusBarStyleDefault;
				INFOPLIST_KEY_UISupportedInterfaceOrientations_iPad = "UIInterfaceOrientationPortrait UIInterfaceOrientationPortraitUpsideDown UIInterfaceOrientationLandscapeLeft UIInterfaceOrientationLandscapeRight";
				INFOPLIST_KEY_UISupportedInterfaceOrientations_iPhone = "UIInterfaceOrientationPortrait UIInterfaceOrientationLandscapeLeft UIInterfaceOrientationLandscapeRight";
				IPHONEOS_DEPLOYMENT_TARGET = 18.0;
				LD_RUNPATH_SEARCH_PATHS = "@executable_path/Frameworks";
				"LD_RUNPATH_SEARCH_PATHS[sdk=macosx*]" = "@executable_path/../Frameworks";
				MACOSX_DEPLOYMENT_TARGET = 15.0;
				MARKETING_VERSION = 1.0;
				PRODUCT_BUNDLE_IDENTIFIER = com.Almairac.Fuoriclasse;
				PRODUCT_NAME = "$(TARGET_NAME)";
				SDKROOT = auto;
				SUPPORTED_PLATFORMS = "iphoneos iphonesimulator";
				SUPPORTS_MACCATALYST = YES;
				SWIFT_EMIT_LOC_STRINGS = YES;
				SWIFT_VERSION = 5.0;
				TARGETED_DEVICE_FAMILY = "1,2";
				XROS_DEPLOYMENT_TARGET = 2.2;
			};
			name = Debug;
		};
		78DD71032D74C5C100C9CC47 /* Release */ = {
			isa = XCBuildConfiguration;
			buildSettings = {
				ASSETCATALOG_COMPILER_APPICON_NAME = AppIcon;
				ASSETCATALOG_COMPILER_GLOBAL_ACCENT_COLOR_NAME = AccentColor;
				CODE_SIGN_ENTITLEMENTS = Fuoriclasse/Fuoriclasse.entitlements;
				"CODE_SIGN_IDENTITY[sdk=macosx*]" = "Apple Development";
				CODE_SIGN_STYLE = Automatic;
				CURRENT_PROJECT_VERSION = 1;
				DEVELOPMENT_ASSET_PATHS = "\"Fuoriclasse/Ressources/Preview Content\"";
				DEVELOPMENT_TEAM = WVHADD85YX;
				ENABLE_PREVIEWS = YES;
				GENERATE_INFOPLIST_FILE = YES;
				INFOPLIST_FILE = Fuoriclasse/Info.plist;
				"INFOPLIST_KEY_UIApplicationSceneManifest_Generation[sdk=iphoneos*]" = YES;
				"INFOPLIST_KEY_UIApplicationSceneManifest_Generation[sdk=iphonesimulator*]" = YES;
				"INFOPLIST_KEY_UIApplicationSupportsIndirectInputEvents[sdk=iphoneos*]" = YES;
				"INFOPLIST_KEY_UIApplicationSupportsIndirectInputEvents[sdk=iphonesimulator*]" = YES;
				"INFOPLIST_KEY_UILaunchScreen_Generation[sdk=iphoneos*]" = YES;
				"INFOPLIST_KEY_UILaunchScreen_Generation[sdk=iphonesimulator*]" = YES;
				"INFOPLIST_KEY_UIStatusBarStyle[sdk=iphoneos*]" = UIStatusBarStyleDefault;
				"INFOPLIST_KEY_UIStatusBarStyle[sdk=iphonesimulator*]" = UIStatusBarStyleDefault;
				INFOPLIST_KEY_UISupportedInterfaceOrientations_iPad = "UIInterfaceOrientationPortrait UIInterfaceOrientationPortraitUpsideDown UIInterfaceOrientationLandscapeLeft UIInterfaceOrientationLandscapeRight";
				INFOPLIST_KEY_UISupportedInterfaceOrientations_iPhone = "UIInterfaceOrientationPortrait UIInterfaceOrientationLandscapeLeft UIInterfaceOrientationLandscapeRight";
				IPHONEOS_DEPLOYMENT_TARGET = 18.0;
				LD_RUNPATH_SEARCH_PATHS = "@executable_path/Frameworks";
				"LD_RUNPATH_SEARCH_PATHS[sdk=macosx*]" = "@executable_path/../Frameworks";
				MACOSX_DEPLOYMENT_TARGET = 15.0;
				MARKETING_VERSION = 1.0;
				PRODUCT_BUNDLE_IDENTIFIER = com.Almairac.Fuoriclasse;
				PRODUCT_NAME = "$(TARGET_NAME)";
				SDKROOT = auto;
				SUPPORTED_PLATFORMS = "iphoneos iphonesimulator";
				SUPPORTS_MACCATALYST = YES;
				SWIFT_EMIT_LOC_STRINGS = YES;
				SWIFT_VERSION = 5.0;
				TARGETED_DEVICE_FAMILY = "1,2";
				XROS_DEPLOYMENT_TARGET = 2.2;
			};
			name = Release;
		};
		78DD71042D74C5C100C9CC47 /* Debug */ = {
			isa = XCBuildConfiguration;
			buildSettings = {
				ALWAYS_SEARCH_USER_PATHS = NO;
				ASSETCATALOG_COMPILER_GENERATE_SWIFT_ASSET_SYMBOL_EXTENSIONS = YES;
				CLANG_ANALYZER_NONNULL = YES;
				CLANG_ANALYZER_NUMBER_OBJECT_CONVERSION = YES_AGGRESSIVE;
				CLANG_CXX_LANGUAGE_STANDARD = "gnu++20";
				CLANG_ENABLE_MODULES = YES;
				CLANG_ENABLE_OBJC_ARC = YES;
				CLANG_ENABLE_OBJC_WEAK = YES;
				CLANG_WARN_BLOCK_CAPTURE_AUTORELEASING = YES;
				CLANG_WARN_BOOL_CONVERSION = YES;
				CLANG_WARN_COMMA = YES;
				CLANG_WARN_CONSTANT_CONVERSION = YES;
				CLANG_WARN_DEPRECATED_OBJC_IMPLEMENTATIONS = YES;
				CLANG_WARN_DIRECT_OBJC_ISA_USAGE = YES_ERROR;
				CLANG_WARN_DOCUMENTATION_COMMENTS = YES;
				CLANG_WARN_EMPTY_BODY = YES;
				CLANG_WARN_ENUM_CONVERSION = YES;
				CLANG_WARN_INFINITE_RECURSION = YES;
				CLANG_WARN_INT_CONVERSION = YES;
				CLANG_WARN_NON_LITERAL_NULL_CONVERSION = YES;
				CLANG_WARN_OBJC_IMPLICIT_RETAIN_SELF = YES;
				CLANG_WARN_OBJC_LITERAL_CONVERSION = YES;
				CLANG_WARN_OBJC_ROOT_CLASS = YES_ERROR;
				CLANG_WARN_QUOTED_INCLUDE_IN_FRAMEWORK_HEADER = YES;
				CLANG_WARN_RANGE_LOOP_ANALYSIS = YES;
				CLANG_WARN_STRICT_PROTOTYPES = YES;
				CLANG_WARN_SUSPICIOUS_MOVE = YES;
				CLANG_WARN_UNGUARDED_AVAILABILITY = YES_AGGRESSIVE;
				CLANG_WARN_UNREACHABLE_CODE = YES;
				CLANG_WARN__DUPLICATE_METHOD_MATCH = YES;
				COPY_PHASE_STRIP = NO;
				DEBUG_INFORMATION_FORMAT = dwarf;
				ENABLE_STRICT_OBJC_MSGSEND = YES;
				ENABLE_TESTABILITY = YES;
				ENABLE_USER_SCRIPT_SANDBOXING = YES;
				GCC_C_LANGUAGE_STANDARD = gnu17;
				GCC_DYNAMIC_NO_PIC = NO;
				GCC_NO_COMMON_BLOCKS = YES;
				GCC_OPTIMIZATION_LEVEL = 0;
				GCC_PREPROCESSOR_DEFINITIONS = (
					"DEBUG=1",
					"$(inherited)",
				);
				GCC_WARN_64_TO_32_BIT_CONVERSION = YES;
				GCC_WARN_ABOUT_RETURN_TYPE = YES_ERROR;
				GCC_WARN_UNDECLARED_SELECTOR = YES;
				GCC_WARN_UNINITIALIZED_AUTOS = YES_AGGRESSIVE;
				GCC_WARN_UNUSED_FUNCTION = YES;
				GCC_WARN_UNUSED_VARIABLE = YES;
				LOCALIZATION_PREFERS_STRING_CATALOGS = YES;
				MTL_ENABLE_DEBUG_INFO = INCLUDE_SOURCE;
				MTL_FAST_MATH = YES;
				ONLY_ACTIVE_ARCH = YES;
				SWIFT_ACTIVE_COMPILATION_CONDITIONS = "DEBUG $(inherited)";
				SWIFT_OPTIMIZATION_LEVEL = "-Onone";
			};
			name = Debug;
		};
		78DD71052D74C5C100C9CC47 /* Release */ = {
			isa = XCBuildConfiguration;
			buildSettings = {
				ALWAYS_SEARCH_USER_PATHS = NO;
				ASSETCATALOG_COMPILER_GENERATE_SWIFT_ASSET_SYMBOL_EXTENSIONS = YES;
				CLANG_ANALYZER_NONNULL = YES;
				CLANG_ANALYZER_NUMBER_OBJECT_CONVERSION = YES_AGGRESSIVE;
				CLANG_CXX_LANGUAGE_STANDARD = "gnu++20";
				CLANG_ENABLE_MODULES = YES;
				CLANG_ENABLE_OBJC_ARC = YES;
				CLANG_ENABLE_OBJC_WEAK = YES;
				CLANG_WARN_BLOCK_CAPTURE_AUTORELEASING = YES;
				CLANG_WARN_BOOL_CONVERSION = YES;
				CLANG_WARN_COMMA = YES;
				CLANG_WARN_CONSTANT_CONVERSION = YES;
				CLANG_WARN_DEPRECATED_OBJC_IMPLEMENTATIONS = YES;
				CLANG_WARN_DIRECT_OBJC_ISA_USAGE = YES_ERROR;
				CLANG_WARN_DOCUMENTATION_COMMENTS = YES;
				CLANG_WARN_EMPTY_BODY = YES;
				CLANG_WARN_ENUM_CONVERSION = YES;
				CLANG_WARN_INFINITE_RECURSION = YES;
				CLANG_WARN_INT_CONVERSION = YES;
				CLANG_WARN_NON_LITERAL_NULL_CONVERSION = YES;
				CLANG_WARN_OBJC_IMPLICIT_RETAIN_SELF = YES;
				CLANG_WARN_OBJC_LITERAL_CONVERSION = YES;
				CLANG_WARN_OBJC_ROOT_CLASS = YES_ERROR;
				CLANG_WARN_QUOTED_INCLUDE_IN_FRAMEWORK_HEADER = YES;
				CLANG_WARN_RANGE_LOOP_ANALYSIS = YES;
				CLANG_WARN_STRICT_PROTOTYPES = YES;
				CLANG_WARN_SUSPICIOUS_MOVE = YES;
				CLANG_WARN_UNGUARDED_AVAILABILITY = YES_AGGRESSIVE;
				CLANG_WARN_UNREACHABLE_CODE = YES;
				CLANG_WARN__DUPLICATE_METHOD_MATCH = YES;
				COPY_PHASE_STRIP = NO;
				DEBUG_INFORMATION_FORMAT = "dwarf-with-dsym";
				ENABLE_NS_ASSERTIONS = NO;
				ENABLE_STRICT_OBJC_MSGSEND = YES;
				ENABLE_USER_SCRIPT_SANDBOXING = YES;
				GCC_C_LANGUAGE_STANDARD = gnu17;
				GCC_NO_COMMON_BLOCKS = YES;
				GCC_WARN_64_TO_32_BIT_CONVERSION = YES;
				GCC_WARN_ABOUT_RETURN_TYPE = YES_ERROR;
				GCC_WARN_UNDECLARED_SELECTOR = YES;
				GCC_WARN_UNINITIALIZED_AUTOS = YES_AGGRESSIVE;
				GCC_WARN_UNUSED_FUNCTION = YES;
				GCC_WARN_UNUSED_VARIABLE = YES;
				LOCALIZATION_PREFERS_STRING_CATALOGS = YES;
				MTL_ENABLE_DEBUG_INFO = NO;
				MTL_FAST_MATH = YES;
				SWIFT_COMPILATION_MODE = wholemodule;
			};
			name = Release;
		};
		78DD71072D74C5C100C9CC47 /* Debug */ = {
			isa = XCBuildConfiguration;
			buildSettings = {
				BUNDLE_LOADER = "$(TEST_HOST)";
				CODE_SIGN_STYLE = Automatic;
				CURRENT_PROJECT_VERSION = 1;
				GENERATE_INFOPLIST_FILE = YES;
				IPHONEOS_DEPLOYMENT_TARGET = 18.2;
				MACOSX_DEPLOYMENT_TARGET = 15.0;
				MARKETING_VERSION = 1.0;
				PRODUCT_BUNDLE_IDENTIFIER = com.Almairac.FuoriclasseTests;
				PRODUCT_NAME = "$(TARGET_NAME)";
				SDKROOT = auto;
				SUPPORTED_PLATFORMS = "iphoneos iphonesimulator macosx xros xrsimulator";
				SWIFT_EMIT_LOC_STRINGS = NO;
				SWIFT_VERSION = 5.0;
				TARGETED_DEVICE_FAMILY = "1,2,7";
				TEST_HOST = "$(BUILT_PRODUCTS_DIR)/Fuoriclasse.app/$(BUNDLE_EXECUTABLE_FOLDER_PATH)/Fuoriclasse";
				XROS_DEPLOYMENT_TARGET = 2.2;
			};
			name = Debug;
		};
		78DD71082D74C5C100C9CC47 /* Release */ = {
			isa = XCBuildConfiguration;
			buildSettings = {
				BUNDLE_LOADER = "$(TEST_HOST)";
				CODE_SIGN_STYLE = Automatic;
				CURRENT_PROJECT_VERSION = 1;
				GENERATE_INFOPLIST_FILE = YES;
				IPHONEOS_DEPLOYMENT_TARGET = 18.2;
				MACOSX_DEPLOYMENT_TARGET = 15.0;
				MARKETING_VERSION = 1.0;
				PRODUCT_BUNDLE_IDENTIFIER = com.Almairac.FuoriclasseTests;
				PRODUCT_NAME = "$(TARGET_NAME)";
				SDKROOT = auto;
				SUPPORTED_PLATFORMS = "iphoneos iphonesimulator macosx xros xrsimulator";
				SWIFT_EMIT_LOC_STRINGS = NO;
				SWIFT_VERSION = 5.0;
				TARGETED_DEVICE_FAMILY = "1,2,7";
				TEST_HOST = "$(BUILT_PRODUCTS_DIR)/Fuoriclasse.app/$(BUNDLE_EXECUTABLE_FOLDER_PATH)/Fuoriclasse";
				XROS_DEPLOYMENT_TARGET = 2.2;
			};
			name = Release;
		};
		78DD710A2D74C5C100C9CC47 /* Debug */ = {
			isa = XCBuildConfiguration;
			buildSettings = {
				CODE_SIGN_STYLE = Automatic;
				CURRENT_PROJECT_VERSION = 1;
				GENERATE_INFOPLIST_FILE = YES;
				IPHONEOS_DEPLOYMENT_TARGET = 18.2;
				MACOSX_DEPLOYMENT_TARGET = 15.0;
				MARKETING_VERSION = 1.0;
				PRODUCT_BUNDLE_IDENTIFIER = com.Almairac.FuoriclasseUITests;
				PRODUCT_NAME = "$(TARGET_NAME)";
				SDKROOT = auto;
				SUPPORTED_PLATFORMS = "iphoneos iphonesimulator macosx xros xrsimulator";
				SWIFT_EMIT_LOC_STRINGS = NO;
				SWIFT_VERSION = 5.0;
				TARGETED_DEVICE_FAMILY = "1,2,7";
				TEST_TARGET_NAME = Fuoriclasse;
				XROS_DEPLOYMENT_TARGET = 2.2;
			};
			name = Debug;
		};
		78DD710B2D74C5C100C9CC47 /* Release */ = {
			isa = XCBuildConfiguration;
			buildSettings = {
				CODE_SIGN_STYLE = Automatic;
				CURRENT_PROJECT_VERSION = 1;
				GENERATE_INFOPLIST_FILE = YES;
				IPHONEOS_DEPLOYMENT_TARGET = 18.2;
				MACOSX_DEPLOYMENT_TARGET = 15.0;
				MARKETING_VERSION = 1.0;
				PRODUCT_BUNDLE_IDENTIFIER = com.Almairac.FuoriclasseUITests;
				PRODUCT_NAME = "$(TARGET_NAME)";
				SDKROOT = auto;
				SUPPORTED_PLATFORMS = "iphoneos iphonesimulator macosx xros xrsimulator";
				SWIFT_EMIT_LOC_STRINGS = NO;
				SWIFT_VERSION = 5.0;
				TARGETED_DEVICE_FAMILY = "1,2,7";
				TEST_TARGET_NAME = Fuoriclasse;
				XROS_DEPLOYMENT_TARGET = 2.2;
			};
			name = Release;
		};
/* End XCBuildConfiguration section */

/* Begin XCConfigurationList section */
		78DD70D22D74C5BC00C9CC47 /* Build configuration list for PBXProject "Fuoriclasse" */ = {
			isa = XCConfigurationList;
			buildConfigurations = (
				78DD71042D74C5C100C9CC47 /* Debug */,
				78DD71052D74C5C100C9CC47 /* Release */,
			);
			defaultConfigurationIsVisible = 0;
			defaultConfigurationName = Release;
		};
		78DD71012D74C5C100C9CC47 /* Build configuration list for PBXNativeTarget "Fuoriclasse" */ = {
			isa = XCConfigurationList;
			buildConfigurations = (
				78DD71022D74C5C100C9CC47 /* Debug */,
				78DD71032D74C5C100C9CC47 /* Release */,
			);
			defaultConfigurationIsVisible = 0;
			defaultConfigurationName = Release;
		};
		78DD71062D74C5C100C9CC47 /* Build configuration list for PBXNativeTarget "FuoriclasseTests" */ = {
			isa = XCConfigurationList;
			buildConfigurations = (
				78DD71072D74C5C100C9CC47 /* Debug */,
				78DD71082D74C5C100C9CC47 /* Release */,
			);
			defaultConfigurationIsVisible = 0;
			defaultConfigurationName = Release;
		};
		78DD71092D74C5C100C9CC47 /* Build configuration list for PBXNativeTarget "FuoriclasseUITests" */ = {
			isa = XCConfigurationList;
			buildConfigurations = (
				78DD710A2D74C5C100C9CC47 /* Debug */,
				78DD710B2D74C5C100C9CC47 /* Release */,
			);
			defaultConfigurationIsVisible = 0;
			defaultConfigurationName = Release;
		};
/* End XCConfigurationList section */

/* Begin XCRemoteSwiftPackageReference section */
		AA22000100000000000011BB /* XCRemoteSwiftPackageReference "supabase-swift" */ = {
			isa = XCRemoteSwiftPackageReference;
			repositoryURL = "https://github.com/supabase/supabase-swift";
			requirement = {
				kind = upToNextMajorVersion;
				minimumVersion = 2.0.0;
			};
		};
		AA22000200000000000022BB /* XCRemoteSwiftPackageReference "GoogleSignIn-iOS" */ = {
			isa = XCRemoteSwiftPackageReference;
			repositoryURL = "https://github.com/google/GoogleSignIn-iOS";
			requirement = {
				kind = upToNextMajorVersion;
				minimumVersion = 7.0.0;
			};
		};
/* End XCRemoteSwiftPackageReference section */

/* Begin XCSwiftPackageProductDependency section */
		AA33000100000000000011CC /* Supabase */ = {
			isa = XCSwiftPackageProductDependency;
			package = AA22000100000000000011BB /* XCRemoteSwiftPackageReference "supabase-swift" */;
			productName = Supabase;
		};
		AA33000200000000000022CC /* GoogleSignIn */ = {
			isa = XCSwiftPackageProductDependency;
			package = AA22000200000000000022BB /* XCRemoteSwiftPackageReference "GoogleSignIn-iOS" */;
			productName = GoogleSignIn;
		};
/* End XCSwiftPackageProductDependency section */
	};
	rootObject = 78DD70CF2D74C5BC00C9CC47 /* Project object */;
}
